
Microsoft Visual Studio Solution File, Format Version 12.00
# Visual Studio Version 17
VisualStudioVersion = 17.13.35931.197
MinimumVisualStudioVersion = 10.0.40219.1
Project("{FAE04EC0-301F-11D3-BF4B-00C04F79EFBC}") = "To-Do API", "To-Do API\To-Do API.csproj", "{AB537664-6DBF-482E-9D98-09A2E9491A32}"
EndProject
Project("{FAE04EC0-301F-11D3-BF4B-00C04F79EFBC}") = "To-Do API.Domain", "To-Do API.Domain\To-Do API.Domain.csproj", "{2CEA31D0-220E-4D0F-8A8E-69619FFE6A27}"
EndProject
Project("{FAE04EC0-301F-11D3-BF4B-00C04F79EFBC}") = "To-Do API.Insfraestructure", "To-Do API.Insfraestructure\To-Do API.Insfraestructure.csproj", "{583BA9ED-D1F9-44F9-825F-28D9710CD3C7}"
EndProject
Project("{FAE04EC0-301F-11D3-BF4B-00C04F79EFBC}") = "To-Do API.Application", "To-Do API.Application\To-Do API.Application.csproj", "{4916520C-AA32-440B-9D1F-8FBA72049640}"
EndProject
Project("{2150E333-8FDC-42A3-9474-1A3956D46DE8}") = "Documentacion", "Documentacion", "{5077BCBE-A703-483D-8690-47AC05BBA82B}"
	ProjectSection(SolutionItems) = preProject
		Client-Side SignalR Connection.cs = Client-Side SignalR Connection.cs
	EndProjectSection
EndProject
Project("{FAE04EC0-301F-11D3-BF4B-00C04F79EFBC}") = "To-Do API.Tests", "To Do API.Tests\To-Do API.Tests.csproj", "{B4F315B8-2A76-4114-A99F-B5C85CF5712D}"
EndProject
Global
	GlobalSection(SolutionConfigurationPlatforms) = preSolution
		Debug|Any CPU = Debug|Any CPU
		Release|Any CPU = Release|Any CPU
	EndGlobalSection
	GlobalSection(ProjectConfigurationPlatforms) = postSolution
		{AB537664-6DBF-482E-9D98-09A2E9491A32}.Debug|Any CPU.ActiveCfg = Debug|Any CPU
		{AB537664-6DBF-482E-9D98-09A2E9491A32}.Debug|Any CPU.Build.0 = Debug|Any CPU
		{AB537664-6DBF-482E-9D98-09A2E9491A32}.Release|Any CPU.ActiveCfg = Release|Any CPU
		{AB537664-6DBF-482E-9D98-09A2E9491A32}.Release|Any CPU.Build.0 = Release|Any CPU
		{2CEA31D0-220E-4D0F-8A8E-69619FFE6A27}.Debug|Any CPU.ActiveCfg = Debug|Any CPU
		{2CEA31D0-220E-4D0F-8A8E-69619FFE6A27}.Debug|Any CPU.Build.0 = Debug|Any CPU
		{2CEA31D0-220E-4D0F-8A8E-69619FFE6A27}.Release|Any CPU.ActiveCfg = Release|Any CPU
		{2CEA31D0-220E-4D0F-8A8E-69619FFE6A27}.Release|Any CPU.Build.0 = Release|Any CPU
		{583BA9ED-D1F9-44F9-825F-28D9710CD3C7}.Debug|Any CPU.ActiveCfg = Debug|Any CPU
		{583BA9ED-D1F9-44F9-825F-28D9710CD3C7}.Debug|Any CPU.Build.0 = Debug|Any CPU
		{583BA9ED-D1F9-44F9-825F-28D9710CD3C7}.Release|Any CPU.ActiveCfg = Release|Any CPU
		{583BA9ED-D1F9-44F9-825F-28D9710CD3C7}.Release|Any CPU.Build.0 = Release|Any CPU
		{4916520C-AA32-440B-9D1F-8FBA72049640}.Debug|Any CPU.ActiveCfg = Debug|Any CPU
		{4916520C-AA32-440B-9D1F-8FBA72049640}.Debug|Any CPU.Build.0 = Debug|Any CPU
		{4916520C-AA32-440B-9D1F-8FBA72049640}.Release|Any CPU.ActiveCfg = Release|Any CPU
		{4916520C-AA32-440B-9D1F-8FBA72049640}.Release|Any CPU.Build.0 = Release|Any CPU
		{B4F315B8-2A76-4114-A99F-B5C85CF5712D}.Debug|Any CPU.ActiveCfg = Debug|Any CPU
		{B4F315B8-2A76-4114-A99F-B5C85CF5712D}.Debug|Any CPU.Build.0 = Debug|Any CPU
		{B4F315B8-2A76-4114-A99F-B5C85CF5712D}.Release|Any CPU.ActiveCfg = Release|Any CPU
		{B4F315B8-2A76-4114-A99F-B5C85CF5712D}.Release|Any CPU.Build.0 = Release|Any CPU
	EndGlobalSection
	GlobalSection(SolutionProperties) = preSolution
		HideSolutionNode = FALSE
	EndGlobalSection
	GlobalSection(ExtensibilityGlobals) = postSolution
		SolutionGuid = {E426CC26-964B-47A6-ABAF-DA3B3F48F2C6}
	EndGlobalSection
EndGlobal
